// !$*UTF8*$!
{
	archiveVersion = 1;
	classes = {
	};
	objectVersion = 46;
	objects = {

/* Begin PBXBuildFile section */
		79A029641F0C93EC00ACF83E /* AppDelegate.m in Sources */ = {isa = PBXBuildFile; fileRef = 79A029631F0C93EC00ACF83E /* AppDelegate.m */; };
		79A029671F0C93EC00ACF83E /* main.m in Sources */ = {isa = PBXBuildFile; fileRef = 79A029661F0C93EC00ACF83E /* main.m */; };
		79A0296C1F0C93EC00ACF83E /* Assets.xcassets in Resources */ = {isa = PBXBuildFile; fileRef = 79A0296B1F0C93EC00ACF83E /* Assets.xcassets */; };
		79A029791F0D49D800ACF83E /* TabbedWindowController.m in Sources */ = {isa = PBXBuildFile; fileRef = 79A029771F0D49D800ACF83E /* TabbedWindowController.m */; };
		79A0297A1F0D49D800ACF83E /* TabbedWindowController.xib in Resources */ = {isa = PBXBuildFile; fileRef = 79A029781F0D49D800ACF83E /* TabbedWindowController.xib */; };
		79A0297D1F0D49EF00ACF83E /* TabbedWindow.m in Sources */ = {isa = PBXBuildFile; fileRef = 79A0297C1F0D49EF00ACF83E /* TabbedWindow.m */; };
/* End PBXBuildFile section */

/* Begin PBXFileReference section */
		79A0295F1F0C93EC00ACF83E /* WindowTabsMenu.app */ = {isa = PBXFileReference; explicitFileType = wrapper.application; includeInIndex = 0; path = WindowTabsMenu.app; sourceTree = BUILT_PRODUCTS_DIR; };
		79A029621F0C93EC00ACF83E /* AppDelegate.h */ = {isa = PBXFileReference; lastKnownFileType = sourcecode.c.h; path = AppDelegate.h; sourceTree = "<group>"; };
		79A029631F0C93EC00ACF83E /* AppDelegate.m */ = {isa = PBXFileReference; lastKnownFileType = sourcecode.c.objc; path = AppDelegate.m; sourceTree = "<group>"; };
		79A029661F0C93EC00ACF83E /* main.m */ = {isa = PBXFileReference; lastKnownFileType = sourcecode.c.objc; path = main.m; sourceTree = "<group>"; };
		79A0296B1F0C93EC00ACF83E /* Assets.xcassets */ = {isa = PBXFileReference; lastKnownFileType = folder.assetcatalog; path = Assets.xcassets; sourceTree = "<group>"; };
		79A029701F0C93EC00ACF83E /* Info.plist */ = {isa = PBXFileReference; lastKnownFileType = text.plist.xml; path = Info.plist; sourceTree = "<group>"; };
		79A029761F0D49D800ACF83E /* TabbedWindowController.h */ = {isa = PBXFileReference; fileEncoding = 4; lastKnownFileType = sourcecode.c.h; path = TabbedWindowController.h; sourceTree = "<group>"; };
		79A029771F0D49D800ACF83E /* TabbedWindowController.m */ = {isa = PBXFileReference; fileEncoding = 4; lastKnownFileType = sourcecode.c.objc; path = TabbedWindowController.m; sourceTree = "<group>"; };
		79A029781F0D49D800ACF83E /* TabbedWindowController.xib */ = {isa = PBXFileReference; fileEncoding = 4; lastKnownFileType = file.xib; path = TabbedWindowController.xib; sourceTree = "<group>"; };
		79A0297B1F0D49EF00ACF83E /* TabbedWindow.h */ = {isa = PBXFileReference; fileEncoding = 4; lastKnownFileType = sourcecode.c.h; path = TabbedWindow.h; sourceTree = "<group>"; };
		79A0297C1F0D49EF00ACF83E /* TabbedWindow.m */ = {isa = PBXFileReference; fileEncoding = 4; lastKnownFileType = sourcecode.c.objc; path = TabbedWindow.m; sourceTree = "<group>"; };
/* End PBXFileReference section */

/* Begin PBXFrameworksBuildPhase section */
		79A0295C1F0C93EC00ACF83E /* Frameworks */ = {
			isa = PBXFrameworksBuildPhase;
			buildActionMask = 2147483647;
			files = (
			);
			runOnlyForDeploymentPostprocessing = 0;
		};
/* End PBXFrameworksBuildPhase section */

/* Begin PBXGroup section */
		79A029561F0C93EC00ACF83E = {
			isa = PBXGroup;
			children = (
				79A029611F0C93EC00ACF83E /* WindowTabsMenu */,
				79A029601F0C93EC00ACF83E /* Products */,
			);
			sourceTree = "<group>";
		};
		79A029601F0C93EC00ACF83E /* Products */ = {
			isa = PBXGroup;
			children = (
				79A0295F1F0C93EC00ACF83E /* WindowTabsMenu.app */,
			);
			name = Products;
			sourceTree = "<group>";
		};
		79A029611F0C93EC00ACF83E /* WindowTabsMenu */ = {
			isa = PBXGroup;
			children = (
				79A029621F0C93EC00ACF83E /* AppDelegate.h */,
				79A029631F0C93EC00ACF83E /* AppDelegate.m */,
				79A0296B1F0C93EC00ACF83E /* Assets.xcassets */,
				79A029701F0C93EC00ACF83E /* Info.plist */,
				79A029651F0C93EC00ACF83E /* Supporting Files */,
				79A029761F0D49D800ACF83E /* TabbedWindowController.h */,
				79A029771F0D49D800ACF83E /* TabbedWindowController.m */,
				79A029781F0D49D800ACF83E /* TabbedWindowController.xib */,
				79A0297B1F0D49EF00ACF83E /* TabbedWindow.h */,
				79A0297C1F0D49EF00ACF83E /* TabbedWindow.m */,
			);
			path = WindowTabsMenu;
			sourceTree = "<group>";
		};
		79A029651F0C93EC00ACF83E /* Supporting Files */ = {
			isa = PBXGroup;
			children = (
				79A029661F0C93EC00ACF83E /* main.m */,
			);
			name = "Supporting Files";
			sourceTree = "<group>";
		};
/* End PBXGroup section */

/* Begin PBXNativeTarget section */
		79A0295E1F0C93EC00ACF83E /* WindowTabsMenu */ = {
			isa = PBXNativeTarget;
			buildConfigurationList = 79A029731F0C93EC00ACF83E /* Build configuration list for PBXNativeTarget "WindowTabsMenu" */;
			buildPhases = (
				79A0295B1F0C93EC00ACF83E /* Sources */,
				79A0295C1F0C93EC00ACF83E /* Frameworks */,
				79A0295D1F0C93EC00ACF83E /* Resources */,
			);
			buildRules = (
			);
			dependencies = (
			);
			name = WindowTabsMenu;
			productName = WindowTabsMenu;
			productReference = 79A0295F1F0C93EC00ACF83E /* WindowTabsMenu.app */;
			productType = "com.apple.product-type.application";
		};
/* End PBXNativeTarget section */

/* Begin PBXProject section */
		79A029571F0C93EC00ACF83E /* Project object */ = {
			isa = PBXProject;
			attributes = {
				LastUpgradeCheck = 0830;
				ORGANIZATIONNAME = "Richard Markiewicz";
				TargetAttributes = {
					79A0295E1F0C93EC00ACF83E = {
						CreatedOnToolsVersion = 8.3.3;
						ProvisioningStyle = Automatic;
					};
				};
			};
			buildConfigurationList = 79A0295A1F0C93EC00ACF83E /* Build configuration list for PBXProject "WindowTabsMenu" */;
			compatibilityVersion = "Xcode 3.2";
			developmentRegion = English;
			hasScannedForEncodings = 0;
			knownRegions = (
				en,
				Base,
			);
			mainGroup = 79A029561F0C93EC00ACF83E;
			productRefGroup = 79A029601F0C93EC00ACF83E /* Products */;
			projectDirPath = "";
			projectRoot = "";
			targets = (
				79A0295E1F0C93EC00ACF83E /* WindowTabsMenu */,
			);
		};
/* End PBXProject section */

/* Begin PBXResourcesBuildPhase section */
		79A0295D1F0C93EC00ACF83E /* Resources */ = {
			isa = PBXResourcesBuildPhase;
			buildActionMask = 2147483647;
			files = (
				79A0297A1F0D49D800ACF83E /* TabbedWindowController.xib in Resources */,
				79A0296C1F0C93EC00ACF83E /* Assets.xcassets in Resources */,
			);
			runOnlyForDeploymentPostprocessing = 0;
		};
/* End PBXResourcesBuildPhase section */

/* Begin PBXSourcesBuildPhase section */
		79A0295B1F0C93EC00ACF83E /* Sources */ = {
			isa = PBXSourcesBuildPhase;
			buildActionMask = 2147483647;
			files = (
				79A029791F0D49D800ACF83E /* TabbedWindowController.m in Sources */,
				79A029671F0C93EC00ACF83E /* main.m in Sources */,
				79A029641F0C93EC00ACF83E /* AppDelegate.m in Sources */,
				79A0297D1F0D49EF00ACF83E /* TabbedWindow.m in Sources */,
			);
			runOnlyForDeploymentPostprocessing = 0;
		};
/* End PBXSourcesBuildPhase section */

/* Begin XCBuildConfiguration section */
		79A029711F0C93EC00ACF83E /* Debug */ = {
			isa = XCBuildConfiguration;
			buildSettings = {
				ALWAYS_SEARCH_USER_PATHS = NO;
				CLANG_ANALYZER_NONNULL = YES;
				CLANG_ANALYZER_NUMBER_OBJECT_CONVERSION = YES_AGGRESSIVE;
				CLANG_CXX_LANGUAGE_STANDARD = "gnu++0x";
				CLANG_CXX_LIBRARY = "libc++";
				CLANG_ENABLE_MODULES = YES;
				CLANG_ENABLE_OBJC_ARC = YES;
				CLANG_WARN_BOOL_CONVERSION = YES;
				CLANG_WARN_CONSTANT_CONVERSION = YES;
				CLANG_WARN_DIRECT_OBJC_ISA_USAGE = YES_ERROR;
				CLANG_WARN_DOCUMENTATION_COMMENTS = YES;
				CLANG_WARN_EMPTY_BODY = YES;
				CLANG_WARN_ENUM_CONVERSION = YES;
				CLANG_WARN_INFINITE_RECURSION = YES;
				CLANG_WARN_INT_CONVERSION = YES;
				CLANG_WARN_OBJC_ROOT_CLASS = YES_ERROR;
				CLANG_WARN_SUSPICIOUS_MOVE = YES;
				CLANG_WARN_UNREACHABLE_CODE = YES;
				CLANG_WARN__DUPLICATE_METHOD_MATCH = YES;
				CODE_SIGN_IDENTITY = "-";
				COPY_PHASE_STRIP = NO;
				DEBUG_INFORMATION_FORMAT = dwarf;
				ENABLE_STRICT_OBJC_MSGSEND = YES;
				ENABLE_TESTABILITY = YES;
				GCC_C_LANGUAGE_STANDARD = gnu99;
				GCC_DYNAMIC_NO_PIC = NO;
				GCC_NO_COMMON_BLOCKS = YES;
				GCC_OPTIMIZATION_LEVEL = 0;
				GCC_PREPROCESSOR_DEFINITIONS = (
					"DEBUG=1",
					"$(inherited)",
				);
				GCC_WARN_64_TO_32_BIT_CONVERSION = YES;
				GCC_WARN_ABOUT_RETURN_TYPE = YES_ERROR;
				GCC_WARN_UNDECLARED_SELECTOR = YES;
				GCC_WARN_UNINITIALIZED_AUTOS = YES_AGGRESSIVE;
				GCC_WARN_UNUSED_FUNCTION = YES;
				GCC_WARN_UNUSED_VARIABLE = YES;
				MACOSX_DEPLOYMENT_TARGET = 10.12;
				MTL_ENABLE_DEBUG_INFO = YES;
				ONLY_ACTIVE_ARCH = YES;
				SDKROOT = macosx;
			};
			name = Debug;
		};
		79A029721F0C93EC00ACF83E /* Release */ = {
			isa = XCBuildConfiguration;
			buildSettings = {
				ALWAYS_SEARCH_USER_PATHS = NO;
				CLANG_ANALYZER_NONNULL = YES;
				CLANG_ANALYZER_NUMBER_OBJECT_CONVERSION = YES_AGGRESSIVE;
				CLANG_CXX_LANGUAGE_STANDARD = "gnu++0x";
				CLANG_CXX_LIBRARY = "libc++";
				CLANG_ENABLE_MODULES = YES;
				CLANG_ENABLE_OBJC_ARC = YES;
				CLANG_WARN_BOOL_CONVERSION = YES;
				CLANG_WARN_CONSTANT_CONVERSION = YES;
				CLANG_WARN_DIRECT_OBJC_ISA_USAGE = YES_ERROR;
				CLANG_WARN_DOCUMENTATION_COMMENTS = YES;
				CLANG_WARN_EMPTY_BODY = YES;
				CLANG_WARN_ENUM_CONVERSION = YES;
				CLANG_WARN_INFINITE_RECURSION = YES;
				CLANG_WARN_INT_CONVERSION = YES;
				CLANG_WARN_OBJC_ROOT_CLASS = YES_ERROR;
				CLANG_WARN_SUSPICIOUS_MOVE = YES;
				CLANG_WARN_UNREACHABLE_CODE = YES;
				CLANG_WARN__DUPLICATE_METHOD_MATCH = YES;
				CODE_SIGN_IDENTITY = "-";
				COPY_PHASE_STRIP = NO;
				DEBUG_INFORMATION_FORMAT = "dwarf-with-dsym";
				ENABLE_NS_ASSERTIONS = NO;
				ENABLE_STRICT_OBJC_MSGSEND = YES;
				GCC_C_LANGUAGE_STANDARD = gnu99;
				GCC_NO_COMMON_BLOCKS = YES;
				GCC_WARN_64_TO_32_BIT_CONVERSION = YES;
				GCC_WARN_ABOUT_RETURN_TYPE = YES_ERROR;
				GCC_WARN_UNDECLARED_SELECTOR = YES;
				GCC_WARN_UNINITIALIZED_AUTOS = YES_AGGRESSIVE;
				GCC_WARN_UNUSED_FUNCTION = YES;
				GCC_WARN_UNUSED_VARIABLE = YES;
				MACOSX_DEPLOYMENT_TARGET = 10.12;
				MTL_ENABLE_DEBUG_INFO = NO;
				SDKROOT = macosx;
			};
			name = Release;
		};
		79A029741F0C93EC00ACF83E /* Debug */ = {
			isa = XCBuildConfiguration;
			buildSettings = {
				ASSETCATALOG_COMPILER_APPICON_NAME = AppIcon;
				COMBINE_HIDPI_IMAGES = YES;
				INFOPLIST_FILE = WindowTabsMenu/Info.plist;
				LD_RUNPATH_SEARCH_PATHS = "$(inherited) @executable_path/../Frameworks";
				PRODUCT_BUNDLE_IDENTIFIER = com.richardmarkiewicz.WindowTabsMenu;
				PRODUCT_NAME = "$(TARGET_NAME)";
			};
			name = Debug;
		};
		79A029751F0C93EC00ACF83E /* Release */ = {
			isa = XCBuildConfiguration;
			buildSettings = {
				ASSETCATALOG_COMPILER_APPICON_NAME = AppIcon;
				COMBINE_HIDPI_IMAGES = YES;
				INFOPLIST_FILE = WindowTabsMenu/Info.plist;
				LD_RUNPATH_SEARCH_PATHS = "$(inherited) @executable_path/../Frameworks";
				PRODUCT_BUNDLE_IDENTIFIER = com.richardmarkiewicz.WindowTabsMenu;
				PRODUCT_NAME = "$(TARGET_NAME)";
			};
			name = Release;
		};
/* End XCBuildConfiguration section */

/* Begin XCConfigurationList section */
		79A0295A1F0C93EC00ACF83E /* Build configuration list for PBXProject "WindowTabsMenu" */ = {
			isa = XCConfigurationList;
			buildConfigurations = (
				79A029711F0C93EC00ACF83E /* Debug */,
				79A029721F0C93EC00ACF83E /* Release */,
			);
			defaultConfigurationIsVisible = 0;
			defaultConfigurationName = Release;
		};
		79A029731F0C93EC00ACF83E /* Build configuration list for PBXNativeTarget "WindowTabsMenu" */ = {
			isa = XCConfigurationList;
			buildConfigurations = (
				79A029741F0C93EC00ACF83E /* Debug */,
				79A029751F0C93EC00ACF83E /* Release */,
			);
			defaultConfigurationIsVisible = 0;
		};
/* End XCConfigurationList section */
	};
	rootObject = 79A029571F0C93EC00ACF83E /* Project object */;
}
